
Microsoft Visual Studio Solution File, Format Version 12.00
# Visual Studio Version 17
VisualStudioVersion = 17.7.34003.232
MinimumVisualStudioVersion = 10.0.40219.1
Project("{FAE04EC0-301F-11D3-BF4B-00C04F79EFBC}") = "Lista03_DoWhile", "Lista03_DoWhile.csproj", "{0E29885C-AFCC-444F-B3E7-89489C29B939}"
EndProject
Global
	GlobalSection(SolutionConfigurationPlatforms) = preSolution
		Debug|Any CPU = Debug|Any CPU
		Release|Any CPU = Release|Any CPU
	EndGlobalSection
	GlobalSection(ProjectConfigurationPlatforms) = postSolution
		{0E29885C-AFCC-444F-B3E7-89489C29B939}.Debug|Any CPU.ActiveCfg = Debug|Any CPU
		{0E29885C-AFCC-444F-B3E7-89489C29B939}.Debug|Any CPU.Build.0 = Debug|Any CPU
		{0E29885C-AFCC-444F-B3E7-89489C29B939}.Release|Any CPU.ActiveCfg = Release|Any CPU
		{0E29885C-AFCC-444F-B3E7-89489C29B939}.Release|Any CPU.Build.0 = Release|Any CPU
	EndGlobalSection
	GlobalSection(SolutionProperties) = preSolution
		HideSolutionNode = FALSE
	EndGlobalSection
	GlobalSection(ExtensibilityGlobals) = postSolution
		SolutionGuid = {99C0A995-7985-4A81-A9CF-808AE0B49C87}
	EndGlobalSection
EndGlobal
